schema_version: 1
catalog_digest: sha256:c2c9eb3c8352ce3a1fcb3c836e0260fa0f9ea23603a4ceaa470f784709773cae
skills:
- id: local/gitcode-pr-review-fetch
  revision: working-tree-2026-08-27
  content_digest: sha256:c350afa82407c803d8386471bfbc721c50b6f03c02d6bde768b31d0d8ce541c1
- id: superpowers/systematic-debugging
  revision: 6.3.0
  content_digest: sha256:aecf011d0119cc0e28aede8e1d340c575560ffa8e2e5edbf2c18f5aee33f8752
- id: superpowers/test-driven-development
  revision: 6.3.0
  content_digest: sha256:2851ea6181731cbae61d343dc3956bfb326b3d397a12f2ca36b0f8b9f8ea7b7f
