schema_version: 1
catalog_digest: sha256:d67b5deea229d844591f452f4c8963b9b7bf21b307fd28a347359c5e95fc8679
skills:
- id: local/gitcode-pr-review-fetch
  revision: manual
  content_digest: sha256:c350afa82407c803d8386471bfbc721c50b6f03c02d6bde768b31d0d8ce541c1
- id: superpowers/systematic-debugging
  revision: b36e0829c6d0140e93cfef2ca599b1b07d4a7797
  content_digest: sha256:e4263f70f52de0286442ea874f8d10c874b65e8e08af20595b6b241d996915f5
- id: superpowers/test-driven-development
  revision: b36e0829c6d0140e93cfef2ca599b1b07d4a7797
  content_digest: sha256:0ff8639af929add22342c8fbd7accfd26529c64c9998e2b65e78dfe73e19b48c
